// !$*UTF8*$!
{
	archiveVersion = 1;
	classes = {
	};
	objectVersion = 50;
	objects = {

/* Begin PBXBuildFile section */
		0467AA5425A0A0A40076FCAE /* AppDelegate.swift in Sources */ = {isa = PBXBuildFile; fileRef = 0467AA5325A0A0A40076FCAE /* AppDelegate.swift */; };
		0467AA5625A0A0A40076FCAE /* SceneDelegate.swift in Sources */ = {isa = PBXBuildFile; fileRef = 0467AA5525A0A0A40076FCAE /* SceneDelegate.swift */; };
		0467AA5825A0A0A40076FCAE /* LoginViewController.swift in Sources */ = {isa = PBXBuildFile; fileRef = 0467AA5725A0A0A40076FCAE /* LoginViewController.swift */; };
		0467AA5D25A0A0A60076FCAE /* Assets.xcassets in Resources */ = {isa = PBXBuildFile; fileRef = 0467AA5C25A0A0A60076FCAE /* Assets.xcassets */; };
		0467AA6025A0A0A60076FCAE /* LaunchScreen.storyboard in Resources */ = {isa = PBXBuildFile; fileRef = 0467AA5E25A0A0A60076FCAE /* LaunchScreen.storyboard */; };
		046CDC1925A0A7190032354D /* LoginView.swift in Sources */ = {isa = PBXBuildFile; fileRef = 046CDC1825A0A7190032354D /* LoginView.swift */; };
		046CDC1E25A0A7350032354D /* ViewCodable.swift in Sources */ = {isa = PBXBuildFile; fileRef = 046CDC1D25A0A7350032354D /* ViewCodable.swift */; };
		046CDC2325A0ABAB0032354D /* LoginViewModel.swift in Sources */ = {isa = PBXBuildFile; fileRef = 046CDC2225A0ABAB0032354D /* LoginViewModel.swift */; };
		046CDC2725A0B0EA0032354D /* AlertManager.swift in Sources */ = {isa = PBXBuildFile; fileRef = 046CDC2625A0B0EA0032354D /* AlertManager.swift */; };
		046CDC2C25A0B3870032354D /* GoogleService-Info.plist in Resources */ = {isa = PBXBuildFile; fileRef = 046CDC2B25A0B3870032354D /* GoogleService-Info.plist */; };
		049CFEB925A0A4B800CBE271 /* Coordinator.swift in Sources */ = {isa = PBXBuildFile; fileRef = 049CFEB825A0A4B800CBE271 /* Coordinator.swift */; };
		049CFEBD25A0A4E100CBE271 /* MainCoordinator.swift in Sources */ = {isa = PBXBuildFile; fileRef = 049CFEBC25A0A4E100CBE271 /* MainCoordinator.swift */; };
		4FBD05628063E37DBAF4D3BA /* Pods_Moneasy.framework in Frameworks */ = {isa = PBXBuildFile; fileRef = DC342695EFB7675EC82002A0 /* Pods_Moneasy.framework */; };
/* End PBXBuildFile section */

/* Begin PBXFileReference section */
		0467AA5025A0A0A40076FCAE /* Moneasy.app */ = {isa = PBXFileReference; explicitFileType = wrapper.application; includeInIndex = 0; path = Moneasy.app; sourceTree = BUILT_PRODUCTS_DIR; };
		0467AA5325A0A0A40076FCAE /* AppDelegate.swift */ = {isa = PBXFileReference; lastKnownFileType = sourcecode.swift; path = AppDelegate.swift; sourceTree = "<group>"; };
		0467AA5525A0A0A40076FCAE /* SceneDelegate.swift */ = {isa = PBXFileReference; lastKnownFileType = sourcecode.swift; path = SceneDelegate.swift; sourceTree = "<group>"; };
		0467AA5725A0A0A40076FCAE /* LoginViewController.swift */ = {isa = PBXFileReference; lastKnownFileType = sourcecode.swift; path = LoginViewController.swift; sourceTree = "<group>"; };
		0467AA5C25A0A0A60076FCAE /* Assets.xcassets */ = {isa = PBXFileReference; lastKnownFileType = folder.assetcatalog; path = Assets.xcassets; sourceTree = "<group>"; };
		0467AA5F25A0A0A60076FCAE /* Base */ = {isa = PBXFileReference; lastKnownFileType = file.storyboard; name = Base; path = Base.lproj/LaunchScreen.storyboard; sourceTree = "<group>"; };
		0467AA6125A0A0A60076FCAE /* Info.plist */ = {isa = PBXFileReference; lastKnownFileType = text.plist.xml; path = Info.plist; sourceTree = "<group>"; };
		0467AA6825A0A0B70076FCAE /* README.md */ = {isa = PBXFileReference; lastKnownFileType = net.daringfireball.markdown; path = README.md; sourceTree = "<group>"; };
		046CDC1825A0A7190032354D /* LoginView.swift */ = {isa = PBXFileReference; lastKnownFileType = sourcecode.swift; path = LoginView.swift; sourceTree = "<group>"; };
		046CDC1D25A0A7350032354D /* ViewCodable.swift */ = {isa = PBXFileReference; lastKnownFileType = sourcecode.swift; path = ViewCodable.swift; sourceTree = "<group>"; };
		046CDC2225A0ABAB0032354D /* LoginViewModel.swift */ = {isa = PBXFileReference; lastKnownFileType = sourcecode.swift; path = LoginViewModel.swift; sourceTree = "<group>"; };
		046CDC2625A0B0EA0032354D /* AlertManager.swift */ = {isa = PBXFileReference; lastKnownFileType = sourcecode.swift; path = AlertManager.swift; sourceTree = "<group>"; };
		046CDC2B25A0B3870032354D /* GoogleService-Info.plist */ = {isa = PBXFileReference; fileEncoding = 4; lastKnownFileType = text.plist.xml; path = "GoogleService-Info.plist"; sourceTree = "<group>"; };
		049CFEB825A0A4B800CBE271 /* Coordinator.swift */ = {isa = PBXFileReference; lastKnownFileType = sourcecode.swift; path = Coordinator.swift; sourceTree = "<group>"; };
		049CFEBC25A0A4E100CBE271 /* MainCoordinator.swift */ = {isa = PBXFileReference; lastKnownFileType = sourcecode.swift; path = MainCoordinator.swift; sourceTree = "<group>"; };
		08490499B9DC448B4DE92892 /* Pods-Moneasy.release.xcconfig */ = {isa = PBXFileReference; includeInIndex = 1; lastKnownFileType = text.xcconfig; name = "Pods-Moneasy.release.xcconfig"; path = "Target Support Files/Pods-Moneasy/Pods-Moneasy.release.xcconfig"; sourceTree = "<group>"; };
		9061F7800CCB7CB9DBD4F22E /* Pods-Moneasy.debug.xcconfig */ = {isa = PBXFileReference; includeInIndex = 1; lastKnownFileType = text.xcconfig; name = "Pods-Moneasy.debug.xcconfig"; path = "Target Support Files/Pods-Moneasy/Pods-Moneasy.debug.xcconfig"; sourceTree = "<group>"; };
		DC342695EFB7675EC82002A0 /* Pods_Moneasy.framework */ = {isa = PBXFileReference; explicitFileType = wrapper.framework; includeInIndex = 0; path = Pods_Moneasy.framework; sourceTree = BUILT_PRODUCTS_DIR; };
/* End PBXFileReference section */

/* Begin PBXFrameworksBuildPhase section */
		0467AA4D25A0A0A40076FCAE /* Frameworks */ = {
			isa = PBXFrameworksBuildPhase;
			buildActionMask = 2147483647;
			files = (
				4FBD05628063E37DBAF4D3BA /* Pods_Moneasy.framework in Frameworks */,
			);
			runOnlyForDeploymentPostprocessing = 0;
		};
/* End PBXFrameworksBuildPhase section */

/* Begin PBXGroup section */
		0467AA4725A0A0A40076FCAE = {
			isa = PBXGroup;
			children = (
				0467AA6825A0A0B70076FCAE /* README.md */,
				0467AA5225A0A0A40076FCAE /* Moneasy */,
				0467AA5125A0A0A40076FCAE /* Products */,
				D6BA226130BDDDA1BF509669 /* Pods */,
				9ECD51FCB1B46D1C8ACB8C02 /* Frameworks */,
			);
			sourceTree = "<group>";
		};
		0467AA5125A0A0A40076FCAE /* Products */ = {
			isa = PBXGroup;
			children = (
				0467AA5025A0A0A40076FCAE /* Moneasy.app */,
			);
			name = Products;
			sourceTree = "<group>";
		};
		0467AA5225A0A0A40076FCAE /* Moneasy */ = {
			isa = PBXGroup;
			children = (
				04A2786625A0A3F80098DA71 /* AppDelegate */,
				049CFEB725A0A4A600CBE271 /* Coordinator */,
				04A2786725A0A4050098DA71 /* Screens */,
				046CDC1C25A0A7230032354D /* Resources */,
				0467AA5C25A0A0A60076FCAE /* Assets.xcassets */,
				0467AA6125A0A0A60076FCAE /* Info.plist */,
				046CDC2B25A0B3870032354D /* GoogleService-Info.plist */,
			);
			path = Moneasy;
			sourceTree = "<group>";
		};
		046CDC1C25A0A7230032354D /* Resources */ = {
			isa = PBXGroup;
			children = (
				046CDC2925A0B1E40032354D /* CustomComponents */,
				046CDC1D25A0A7350032354D /* ViewCodable.swift */,
			);
			path = Resources;
			sourceTree = "<group>";
		};
		046CDC2125A0AB9B0032354D /* ViewModel */ = {
			isa = PBXGroup;
			children = (
				046CDC2225A0ABAB0032354D /* LoginViewModel.swift */,
			);
			path = ViewModel;
			sourceTree = "<group>";
		};
		046CDC2925A0B1E40032354D /* CustomComponents */ = {
			isa = PBXGroup;
			children = (
				046CDC2625A0B0EA0032354D /* AlertManager.swift */,
			);
			path = CustomComponents;
			sourceTree = "<group>";
		};
		049CFEB725A0A4A600CBE271 /* Coordinator */ = {
			isa = PBXGroup;
			children = (
				049CFEB825A0A4B800CBE271 /* Coordinator.swift */,
				049CFEBC25A0A4E100CBE271 /* MainCoordinator.swift */,
			);
			path = Coordinator;
			sourceTree = "<group>";
		};
		049CFEC025A0A54B00CBE271 /* View */ = {
			isa = PBXGroup;
			children = (
				0467AA5725A0A0A40076FCAE /* LoginViewController.swift */,
				046CDC1825A0A7190032354D /* LoginView.swift */,
			);
			path = View;
			sourceTree = "<group>";
		};
		04A2786625A0A3F80098DA71 /* AppDelegate */ = {
			isa = PBXGroup;
			children = (
				0467AA5325A0A0A40076FCAE /* AppDelegate.swift */,
				0467AA5525A0A0A40076FCAE /* SceneDelegate.swift */,
			);
			path = AppDelegate;
			sourceTree = "<group>";
		};
		04A2786725A0A4050098DA71 /* Screens */ = {
			isa = PBXGroup;
			children = (
				04A2786825A0A4160098DA71 /* LaunchScreen */,
				04A2786925A0A4230098DA71 /* Login */,
			);
			path = Screens;
			sourceTree = "<group>";
		};
		04A2786825A0A4160098DA71 /* LaunchScreen */ = {
			isa = PBXGroup;
			children = (
				0467AA5E25A0A0A60076FCAE /* LaunchScreen.storyboard */,
			);
			path = LaunchScreen;
			sourceTree = "<group>";
		};
		04A2786925A0A4230098DA71 /* Login */ = {
			isa = PBXGroup;
			children = (
				046CDC2125A0AB9B0032354D /* ViewModel */,
				049CFEC025A0A54B00CBE271 /* View */,
			);
			path = Login;
			sourceTree = "<group>";
		};
		9ECD51FCB1B46D1C8ACB8C02 /* Frameworks */ = {
			isa = PBXGroup;
			children = (
				DC342695EFB7675EC82002A0 /* Pods_Moneasy.framework */,
			);
			name = Frameworks;
			sourceTree = "<group>";
		};
		D6BA226130BDDDA1BF509669 /* Pods */ = {
			isa = PBXGroup;
			children = (
				9061F7800CCB7CB9DBD4F22E /* Pods-Moneasy.debug.xcconfig */,
				08490499B9DC448B4DE92892 /* Pods-Moneasy.release.xcconfig */,
			);
			path = Pods;
			sourceTree = "<group>";
		};
/* End PBXGroup section */

/* Begin PBXNativeTarget section */
		0467AA4F25A0A0A40076FCAE /* Moneasy */ = {
			isa = PBXNativeTarget;
			buildConfigurationList = 0467AA6425A0A0A60076FCAE /* Build configuration list for PBXNativeTarget "Moneasy" */;
			buildPhases = (
				FFB11515A33F6285322C1C76 /* [CP] Check Pods Manifest.lock */,
				0467AA4C25A0A0A40076FCAE /* Sources */,
				0467AA4D25A0A0A40076FCAE /* Frameworks */,
				0467AA4E25A0A0A40076FCAE /* Resources */,
				04A2786225A0A2B60098DA71 /* Swift Lint */,
				DD85871412C849ECDCBD3934 /* [CP] Embed Pods Frameworks */,
			);
			buildRules = (
			);
			dependencies = (
			);
			name = Moneasy;
			productName = Moneasy;
			productReference = 0467AA5025A0A0A40076FCAE /* Moneasy.app */;
			productType = "com.apple.product-type.application";
		};
/* End PBXNativeTarget section */

/* Begin PBXProject section */
		0467AA4825A0A0A40076FCAE /* Project object */ = {
			isa = PBXProject;
			attributes = {
				LastSwiftUpdateCheck = 1230;
				LastUpgradeCheck = 1230;
				TargetAttributes = {
					0467AA4F25A0A0A40076FCAE = {
						CreatedOnToolsVersion = 12.3;
					};
				};
			};
			buildConfigurationList = 0467AA4B25A0A0A40076FCAE /* Build configuration list for PBXProject "Moneasy" */;
			compatibilityVersion = "Xcode 9.3";
			developmentRegion = en;
			hasScannedForEncodings = 0;
			knownRegions = (
				en,
				Base,
			);
			mainGroup = 0467AA4725A0A0A40076FCAE;
			productRefGroup = 0467AA5125A0A0A40076FCAE /* Products */;
			projectDirPath = "";
			projectRoot = "";
			targets = (
				0467AA4F25A0A0A40076FCAE /* Moneasy */,
			);
		};
/* End PBXProject section */

/* Begin PBXResourcesBuildPhase section */
		0467AA4E25A0A0A40076FCAE /* Resources */ = {
			isa = PBXResourcesBuildPhase;
			buildActionMask = 2147483647;
			files = (
				0467AA6025A0A0A60076FCAE /* LaunchScreen.storyboard in Resources */,
				0467AA5D25A0A0A60076FCAE /* Assets.xcassets in Resources */,
				046CDC2C25A0B3870032354D /* GoogleService-Info.plist in Resources */,
			);
			runOnlyForDeploymentPostprocessing = 0;
		};
/* End PBXResourcesBuildPhase section */

/* Begin PBXShellScriptBuildPhase section */
		04A2786225A0A2B60098DA71 /* Swift Lint */ = {
			isa = PBXShellScriptBuildPhase;
			buildActionMask = 2147483647;
			files = (
			);
			inputFileListPaths = (
			);
			inputPaths = (
			);
			name = "Swift Lint";
			outputFileListPaths = (
			);
			outputPaths = (
			);
			runOnlyForDeploymentPostprocessing = 0;
			shellPath = /bin/sh;
			shellScript = "\"${PODS_ROOT}/SwiftLint/swiftlint\"\n";
		};
		DD85871412C849ECDCBD3934 /* [CP] Embed Pods Frameworks */ = {
			isa = PBXShellScriptBuildPhase;
			buildActionMask = 2147483647;
			files = (
			);
			inputFileListPaths = (
				"${PODS_ROOT}/Target Support Files/Pods-Moneasy/Pods-Moneasy-frameworks-${CONFIGURATION}-input-files.xcfilelist",
			);
			name = "[CP] Embed Pods Frameworks";
			outputFileListPaths = (
				"${PODS_ROOT}/Target Support Files/Pods-Moneasy/Pods-Moneasy-frameworks-${CONFIGURATION}-output-files.xcfilelist",
			);
			runOnlyForDeploymentPostprocessing = 0;
			shellPath = /bin/sh;
			shellScript = "\"${PODS_ROOT}/Target Support Files/Pods-Moneasy/Pods-Moneasy-frameworks.sh\"\n";
			showEnvVarsInLog = 0;
		};
		FFB11515A33F6285322C1C76 /* [CP] Check Pods Manifest.lock */ = {
			isa = PBXShellScriptBuildPhase;
			buildActionMask = 2147483647;
			files = (
			);
			inputFileListPaths = (
			);
			inputPaths = (
				"${PODS_PODFILE_DIR_PATH}/Podfile.lock",
				"${PODS_ROOT}/Manifest.lock",
			);
			name = "[CP] Check Pods Manifest.lock";
			outputFileListPaths = (
			);
			outputPaths = (
				"$(DERIVED_FILE_DIR)/Pods-Moneasy-checkManifestLockResult.txt",
			);
			runOnlyForDeploymentPostprocessing = 0;
			shellPath = /bin/sh;
			shellScript = "diff \"${PODS_PODFILE_DIR_PATH}/Podfile.lock\" \"${PODS_ROOT}/Manifest.lock\" > /dev/null\nif [ $? != 0 ] ; then\n    # print error to STDERR\n    echo \"error: The sandbox is not in sync with the Podfile.lock. Run 'pod install' or update your CocoaPods installation.\" >&2\n    exit 1\nfi\n# This output is used by Xcode 'outputs' to avoid re-running this script phase.\necho \"SUCCESS\" > \"${SCRIPT_OUTPUT_FILE_0}\"\n";
			showEnvVarsInLog = 0;
		};
/* End PBXShellScriptBuildPhase section */

/* Begin PBXSourcesBuildPhase section */
		0467AA4C25A0A0A40076FCAE /* Sources */ = {
			isa = PBXSourcesBuildPhase;
			buildActionMask = 2147483647;
			files = (
				046CDC1925A0A7190032354D /* LoginView.swift in Sources */,
				049CFEB925A0A4B800CBE271 /* Coordinator.swift in Sources */,
				0467AA5825A0A0A40076FCAE /* LoginViewController.swift in Sources */,
				0467AA5425A0A0A40076FCAE /* AppDelegate.swift in Sources */,
				046CDC2325A0ABAB0032354D /* LoginViewModel.swift in Sources */,
				046CDC1E25A0A7350032354D /* ViewCodable.swift in Sources */,
				049CFEBD25A0A4E100CBE271 /* MainCoordinator.swift in Sources */,
				0467AA5625A0A0A40076FCAE /* SceneDelegate.swift in Sources */,
				046CDC2725A0B0EA0032354D /* AlertManager.swift in Sources */,
			);
			runOnlyForDeploymentPostprocessing = 0;
		};
/* End PBXSourcesBuildPhase section */

/* Begin PBXVariantGroup section */
		0467AA5E25A0A0A60076FCAE /* LaunchScreen.storyboard */ = {
			isa = PBXVariantGroup;
			children = (
				0467AA5F25A0A0A60076FCAE /* Base */,
			);
			name = LaunchScreen.storyboard;
			sourceTree = "<group>";
		};
/* End PBXVariantGroup section */

/* Begin XCBuildConfiguration section */
		0467AA6225A0A0A60076FCAE /* Debug */ = {
			isa = XCBuildConfiguration;
			buildSettings = {
				ALWAYS_SEARCH_USER_PATHS = NO;
				CLANG_ANALYZER_NONNULL = YES;
				CLANG_ANALYZER_NUMBER_OBJECT_CONVERSION = YES_AGGRESSIVE;
				CLANG_CXX_LANGUAGE_STANDARD = "gnu++14";
				CLANG_CXX_LIBRARY = "libc++";
				CLANG_ENABLE_MODULES = YES;
				CLANG_ENABLE_OBJC_ARC = YES;
				CLANG_ENABLE_OBJC_WEAK = YES;
				CLANG_WARN_BLOCK_CAPTURE_AUTORELEASING = YES;
				CLANG_WARN_BOOL_CONVERSION = YES;
				CLANG_WARN_COMMA = YES;
				CLANG_WARN_CONSTANT_CONVERSION = YES;
				CLANG_WARN_DEPRECATED_OBJC_IMPLEMENTATIONS = YES;
				CLANG_WARN_DIRECT_OBJC_ISA_USAGE = YES_ERROR;
				CLANG_WARN_DOCUMENTATION_COMMENTS = YES;
				CLANG_WARN_EMPTY_BODY = YES;
				CLANG_WARN_ENUM_CONVERSION = YES;
				CLANG_WARN_INFINITE_RECURSION = YES;
				CLANG_WARN_INT_CONVERSION = YES;
				CLANG_WARN_NON_LITERAL_NULL_CONVERSION = YES;
				CLANG_WARN_OBJC_IMPLICIT_RETAIN_SELF = YES;
				CLANG_WARN_OBJC_LITERAL_CONVERSION = YES;
				CLANG_WARN_OBJC_ROOT_CLASS = YES_ERROR;
				CLANG_WARN_QUOTED_INCLUDE_IN_FRAMEWORK_HEADER = YES;
				CLANG_WARN_RANGE_LOOP_ANALYSIS = YES;
				CLANG_WARN_STRICT_PROTOTYPES = YES;
				CLANG_WARN_SUSPICIOUS_MOVE = YES;
				CLANG_WARN_UNGUARDED_AVAILABILITY = YES_AGGRESSIVE;
				CLANG_WARN_UNREACHABLE_CODE = YES;
				CLANG_WARN__DUPLICATE_METHOD_MATCH = YES;
				COPY_PHASE_STRIP = NO;
				DEBUG_INFORMATION_FORMAT = dwarf;
				ENABLE_STRICT_OBJC_MSGSEND = YES;
				ENABLE_TESTABILITY = YES;
				GCC_C_LANGUAGE_STANDARD = gnu11;
				GCC_DYNAMIC_NO_PIC = NO;
				GCC_NO_COMMON_BLOCKS = YES;
				GCC_OPTIMIZATION_LEVEL = 0;
				GCC_PREPROCESSOR_DEFINITIONS = (
					"DEBUG=1",
					"$(inherited)",
				);
				GCC_WARN_64_TO_32_BIT_CONVERSION = YES;
				GCC_WARN_ABOUT_RETURN_TYPE = YES_ERROR;
				GCC_WARN_UNDECLARED_SELECTOR = YES;
				GCC_WARN_UNINITIALIZED_AUTOS = YES_AGGRESSIVE;
				GCC_WARN_UNUSED_FUNCTION = YES;
				GCC_WARN_UNUSED_VARIABLE = YES;
				IPHONEOS_DEPLOYMENT_TARGET = 14.3;
				MTL_ENABLE_DEBUG_INFO = INCLUDE_SOURCE;
				MTL_FAST_MATH = YES;
				ONLY_ACTIVE_ARCH = YES;
				SDKROOT = iphoneos;
				SWIFT_ACTIVE_COMPILATION_CONDITIONS = DEBUG;
				SWIFT_OPTIMIZATION_LEVEL = "-Onone";
			};
			name = Debug;
		};
		0467AA6325A0A0A60076FCAE /* Release */ = {
			isa = XCBuildConfiguration;
			buildSettings = {
				ALWAYS_SEARCH_USER_PATHS = NO;
				CLANG_ANALYZER_NONNULL = YES;
				CLANG_ANALYZER_NUMBER_OBJECT_CONVERSION = YES_AGGRESSIVE;
				CLANG_CXX_LANGUAGE_STANDARD = "gnu++14";
				CLANG_CXX_LIBRARY = "libc++";
				CLANG_ENABLE_MODULES = YES;
				CLANG_ENABLE_OBJC_ARC = YES;
				CLANG_ENABLE_OBJC_WEAK = YES;
				CLANG_WARN_BLOCK_CAPTURE_AUTORELEASING = YES;
				CLANG_WARN_BOOL_CONVERSION = YES;
				CLANG_WARN_COMMA = YES;
				CLANG_WARN_CONSTANT_CONVERSION = YES;
				CLANG_WARN_DEPRECATED_OBJC_IMPLEMENTATIONS = YES;
				CLANG_WARN_DIRECT_OBJC_ISA_USAGE = YES_ERROR;
				CLANG_WARN_DOCUMENTATION_COMMENTS = YES;
				CLANG_WARN_EMPTY_BODY = YES;
				CLANG_WARN_ENUM_CONVERSION = YES;
				CLANG_WARN_INFINITE_RECURSION = YES;
				CLANG_WARN_INT_CONVERSION = YES;
				CLANG_WARN_NON_LITERAL_NULL_CONVERSION = YES;
				CLANG_WARN_OBJC_IMPLICIT_RETAIN_SELF = YES;
				CLANG_WARN_OBJC_LITERAL_CONVERSION = YES;
				CLANG_WARN_OBJC_ROOT_CLASS = YES_ERROR;
				CLANG_WARN_QUOTED_INCLUDE_IN_FRAMEWORK_HEADER = YES;
				CLANG_WARN_RANGE_LOOP_ANALYSIS = YES;
				CLANG_WARN_STRICT_PROTOTYPES = YES;
				CLANG_WARN_SUSPICIOUS_MOVE = YES;
				CLANG_WARN_UNGUARDED_AVAILABILITY = YES_AGGRESSIVE;
				CLANG_WARN_UNREACHABLE_CODE = YES;
				CLANG_WARN__DUPLICATE_METHOD_MATCH = YES;
				COPY_PHASE_STRIP = NO;
				DEBUG_INFORMATION_FORMAT = "dwarf-with-dsym";
				ENABLE_NS_ASSERTIONS = NO;
				ENABLE_STRICT_OBJC_MSGSEND = YES;
				GCC_C_LANGUAGE_STANDARD = gnu11;
				GCC_NO_COMMON_BLOCKS = YES;
				GCC_WARN_64_TO_32_BIT_CONVERSION = YES;
				GCC_WARN_ABOUT_RETURN_TYPE = YES_ERROR;
				GCC_WARN_UNDECLARED_SELECTOR = YES;
				GCC_WARN_UNINITIALIZED_AUTOS = YES_AGGRESSIVE;
				GCC_WARN_UNUSED_FUNCTION = YES;
				GCC_WARN_UNUSED_VARIABLE = YES;
				IPHONEOS_DEPLOYMENT_TARGET = 14.3;
				MTL_ENABLE_DEBUG_INFO = NO;
				MTL_FAST_MATH = YES;
				SDKROOT = iphoneos;
				SWIFT_COMPILATION_MODE = wholemodule;
				SWIFT_OPTIMIZATION_LEVEL = "-O";
				VALIDATE_PRODUCT = YES;
			};
			name = Release;
		};
		0467AA6525A0A0A60076FCAE /* Debug */ = {
			isa = XCBuildConfiguration;
			baseConfigurationReference = 9061F7800CCB7CB9DBD4F22E /* Pods-Moneasy.debug.xcconfig */;
			buildSettings = {
				ASSETCATALOG_COMPILER_APPICON_NAME = AppIcon;
				ASSETCATALOG_COMPILER_GLOBAL_ACCENT_COLOR_NAME = AccentColor;
				CODE_SIGN_STYLE = Automatic;
				DEVELOPMENT_TEAM = FP388F7HF3;
				INFOPLIST_FILE = Moneasy/Info.plist;
				IPHONEOS_DEPLOYMENT_TARGET = 14.0;
				LD_RUNPATH_SEARCH_PATHS = (
					"$(inherited)",
					"@executable_path/Frameworks",
				);
				PRODUCT_BUNDLE_IDENTIFIER = com.isnardsilva.Moneasy;
				PRODUCT_NAME = "$(TARGET_NAME)";
				SWIFT_VERSION = 5.0;
				TARGETED_DEVICE_FAMILY = "1,2";
			};
			name = Debug;
		};
		0467AA6625A0A0A60076FCAE /* Release */ = {
			isa = XCBuildConfiguration;
			baseConfigurationReference = 08490499B9DC448B4DE92892 /* Pods-Moneasy.release.xcconfig */;
			buildSettings = {
				ASSETCATALOG_COMPILER_APPICON_NAME = AppIcon;
				ASSETCATALOG_COMPILER_GLOBAL_ACCENT_COLOR_NAME = AccentColor;
				CODE_SIGN_STYLE = Automatic;
				DEVELOPMENT_TEAM = FP388F7HF3;
				INFOPLIST_FILE = Moneasy/Info.plist;
				IPHONEOS_DEPLOYMENT_TARGET = 14.0;
				LD_RUNPATH_SEARCH_PATHS = (
					"$(inherited)",
					"@executable_path/Frameworks",
				);
				PRODUCT_BUNDLE_IDENTIFIER = com.isnardsilva.Moneasy;
				PRODUCT_NAME = "$(TARGET_NAME)";
				SWIFT_VERSION = 5.0;
				TARGETED_DEVICE_FAMILY = "1,2";
			};
			name = Release;
		};
/* End XCBuildConfiguration section */

/* Begin XCConfigurationList section */
		0467AA4B25A0A0A40076FCAE /* Build configuration list for PBXProject "Moneasy" */ = {
			isa = XCConfigurationList;
			buildConfigurations = (
				0467AA6225A0A0A60076FCAE /* Debug */,
				0467AA6325A0A0A60076FCAE /* Release */,
			);
			defaultConfigurationIsVisible = 0;
			defaultConfigurationName = Release;
		};
		0467AA6425A0A0A60076FCAE /* Build configuration list for PBXNativeTarget "Moneasy" */ = {
			isa = XCConfigurationList;
			buildConfigurations = (
				0467AA6525A0A0A60076FCAE /* Debug */,
				0467AA6625A0A0A60076FCAE /* Release */,
			);
			defaultConfigurationIsVisible = 0;
			defaultConfigurationName = Release;
		};
/* End XCConfigurationList section */
	};
	rootObject = 0467AA4825A0A0A40076FCAE /* Project object */;
}
